
Microsoft Visual Studio Solution File, Format Version 12.00
# Visual Studio Version 17
VisualStudioVersion = 17.13.35931.197 d17.13
MinimumVisualStudioVersion = 10.0.40219.1
Project("{FAE04EC0-301F-11D3-BF4B-00C04F79EFBC}") = "MobPortal", "MobPortal\MobPortal.csproj", "{AC62B12D-C4E4-45FD-A179-B3E8F83D7353}"
EndProject
Global
	GlobalSection(SolutionConfigurationPlatforms) = preSolution
		Debug|Any CPU = Debug|Any CPU
		Release|Any CPU = Release|Any CPU
	EndGlobalSection
	GlobalSection(ProjectConfigurationPlatforms) = postSolution
		{AC62B12D-C4E4-45FD-A179-B3E8F83D7353}.Debug|Any CPU.ActiveCfg = Debug|Any CPU
		{AC62B12D-C4E4-45FD-A179-B3E8F83D7353}.Debug|Any CPU.Build.0 = Debug|Any CPU
		{AC62B12D-C4E4-45FD-A179-B3E8F83D7353}.Release|Any CPU.ActiveCfg = Release|Any CPU
		{AC62B12D-C4E4-45FD-A179-B3E8F83D7353}.Release|Any CPU.Build.0 = Release|Any CPU
	EndGlobalSection
	GlobalSection(SolutionProperties) = preSolution
		HideSolutionNode = FALSE
	EndGlobalSection
	GlobalSection(ExtensibilityGlobals) = postSolution
		SolutionGuid = {89A11741-A1AE-450B-843B-495863573735}
	EndGlobalSection
EndGlobal
