
Microsoft Visual Studio Solution File, Format Version 12.00
# Visual Studio Version 17
VisualStudioVersion = 17.0.31903.59
MinimumVisualStudioVersion = 10.0.40219.1
Project("{2150E333-8FDC-42A3-9474-1A3956D46DE8}") = "src", "src", "{827E0CD3-B72D-47B6-A68D-7590B98EB39B}"
EndProject
Project("{FAE04EC0-301F-11D3-BF4B-00C04F79EFBC}") = "PORTAL.API", "src\PORTAL.API\PORTAL.API.csproj", "{76A99B8A-ED35-4BC3-ADEA-8BC8A7B51E69}"
EndProject
Project("{FAE04EC0-301F-11D3-BF4B-00C04F79EFBC}") = "PORTAL.APPLICATION", "src\PORTAL.APPLICATION\PORTAL.APPLICATION.csproj", "{E5D413A4-498C-4050-85EE-0D035956A704}"
EndProject
Project("{FAE04EC0-301F-11D3-BF4B-00C04F79EFBC}") = "PORTAL.DOMAIN", "src\PORTAL.DOMAIN\PORTAL.DOMAIN.csproj", "{34521B5B-73B6-47EE-93C2-5F1306BD5151}"
EndProject
Project("{FAE04EC0-301F-11D3-BF4B-00C04F79EFBC}") = "PORTAL.INFRASTRUCTURE", "src\PORTAL.INFRASTRUCTURE\PORTAL.INFRASTRUCTURE.csproj", "{59E6079E-1FDC-4238-B029-DAAFADCD95A2}"
EndProject
Project("{FAE04EC0-301F-11D3-BF4B-00C04F79EFBC}") = "PORTAL.PERSISTENCE", "src\PORTAL.PERSISTENCE\PORTAL.PERSISTENCE.csproj", "{DDB4797E-0636-41DC-BCCC-54A6BAC75C05}"
EndProject
Project("{FAE04EC0-301F-11D3-BF4B-00C04F79EFBC}") = "PORTAL.SHARED", "src\PORTAL.SHARED\PORTAL.SHARED.csproj", "{93BE0BB6-2862-4760-AE3E-3F2C3159B872}"
EndProject
Global
	GlobalSection(SolutionConfigurationPlatforms) = preSolution
		Debug|Any CPU = Debug|Any CPU
		Debug|x64 = Debug|x64
		Debug|x86 = Debug|x86
		Release|Any CPU = Release|Any CPU
		Release|x64 = Release|x64
		Release|x86 = Release|x86
	EndGlobalSection
	GlobalSection(ProjectConfigurationPlatforms) = postSolution
		{76A99B8A-ED35-4BC3-ADEA-8BC8A7B51E69}.Debug|Any CPU.ActiveCfg = Debug|Any CPU
		{76A99B8A-ED35-4BC3-ADEA-8BC8A7B51E69}.Debug|Any CPU.Build.0 = Debug|Any CPU
		{76A99B8A-ED35-4BC3-ADEA-8BC8A7B51E69}.Debug|x64.ActiveCfg = Debug|Any CPU
		{76A99B8A-ED35-4BC3-ADEA-8BC8A7B51E69}.Debug|x64.Build.0 = Debug|Any CPU
		{76A99B8A-ED35-4BC3-ADEA-8BC8A7B51E69}.Debug|x86.ActiveCfg = Debug|Any CPU
		{76A99B8A-ED35-4BC3-ADEA-8BC8A7B51E69}.Debug|x86.Build.0 = Debug|Any CPU
		{76A99B8A-ED35-4BC3-ADEA-8BC8A7B51E69}.Release|Any CPU.ActiveCfg = Release|Any CPU
		{76A99B8A-ED35-4BC3-ADEA-8BC8A7B51E69}.Release|Any CPU.Build.0 = Release|Any CPU
		{76A99B8A-ED35-4BC3-ADEA-8BC8A7B51E69}.Release|x64.ActiveCfg = Release|Any CPU
		{76A99B8A-ED35-4BC3-ADEA-8BC8A7B51E69}.Release|x64.Build.0 = Release|Any CPU
		{76A99B8A-ED35-4BC3-ADEA-8BC8A7B51E69}.Release|x86.ActiveCfg = Release|Any CPU
		{76A99B8A-ED35-4BC3-ADEA-8BC8A7B51E69}.Release|x86.Build.0 = Release|Any CPU
		{E5D413A4-498C-4050-85EE-0D035956A704}.Debug|Any CPU.ActiveCfg = Debug|Any CPU
		{E5D413A4-498C-4050-85EE-0D035956A704}.Debug|Any CPU.Build.0 = Debug|Any CPU
		{E5D413A4-498C-4050-85EE-0D035956A704}.Debug|x64.ActiveCfg = Debug|Any CPU
		{E5D413A4-498C-4050-85EE-0D035956A704}.Debug|x64.Build.0 = Debug|Any CPU
		{E5D413A4-498C-4050-85EE-0D035956A704}.Debug|x86.ActiveCfg = Debug|Any CPU
		{E5D413A4-498C-4050-85EE-0D035956A704}.Debug|x86.Build.0 = Debug|Any CPU
		{E5D413A4-498C-4050-85EE-0D035956A704}.Release|Any CPU.ActiveCfg = Release|Any CPU
		{E5D413A4-498C-4050-85EE-0D035956A704}.Release|Any CPU.Build.0 = Release|Any CPU
		{E5D413A4-498C-4050-85EE-0D035956A704}.Release|x64.ActiveCfg = Release|Any CPU
		{E5D413A4-498C-4050-85EE-0D035956A704}.Release|x64.Build.0 = Release|Any CPU
		{E5D413A4-498C-4050-85EE-0D035956A704}.Release|x86.ActiveCfg = Release|Any CPU
		{E5D413A4-498C-4050-85EE-0D035956A704}.Release|x86.Build.0 = Release|Any CPU
		{34521B5B-73B6-47EE-93C2-5F1306BD5151}.Debug|Any CPU.ActiveCfg = Debug|Any CPU
		{34521B5B-73B6-47EE-93C2-5F1306BD5151}.Debug|Any CPU.Build.0 = Debug|Any CPU
		{34521B5B-73B6-47EE-93C2-5F1306BD5151}.Debug|x64.ActiveCfg = Debug|Any CPU
		{34521B5B-73B6-47EE-93C2-5F1306BD5151}.Debug|x64.Build.0 = Debug|Any CPU
		{34521B5B-73B6-47EE-93C2-5F1306BD5151}.Debug|x86.ActiveCfg = Debug|Any CPU
		{34521B5B-73B6-47EE-93C2-5F1306BD5151}.Debug|x86.Build.0 = Debug|Any CPU
		{34521B5B-73B6-47EE-93C2-5F1306BD5151}.Release|Any CPU.ActiveCfg = Release|Any CPU
		{34521B5B-73B6-47EE-93C2-5F1306BD5151}.Release|Any CPU.Build.0 = Release|Any CPU
		{34521B5B-73B6-47EE-93C2-5F1306BD5151}.Release|x64.ActiveCfg = Release|Any CPU
		{34521B5B-73B6-47EE-93C2-5F1306BD5151}.Release|x64.Build.0 = Release|Any CPU
		{34521B5B-73B6-47EE-93C2-5F1306BD5151}.Release|x86.ActiveCfg = Release|Any CPU
		{34521B5B-73B6-47EE-93C2-5F1306BD5151}.Release|x86.Build.0 = Release|Any CPU
		{59E6079E-1FDC-4238-B029-DAAFADCD95A2}.Debug|Any CPU.ActiveCfg = Debug|Any CPU
		{59E6079E-1FDC-4238-B029-DAAFADCD95A2}.Debug|Any CPU.Build.0 = Debug|Any CPU
		{59E6079E-1FDC-4238-B029-DAAFADCD95A2}.Debug|x64.ActiveCfg = Debug|Any CPU
		{59E6079E-1FDC-4238-B029-DAAFADCD95A2}.Debug|x64.Build.0 = Debug|Any CPU
		{59E6079E-1FDC-4238-B029-DAAFADCD95A2}.Debug|x86.ActiveCfg = Debug|Any CPU
		{59E6079E-1FDC-4238-B029-DAAFADCD95A2}.Debug|x86.Build.0 = Debug|Any CPU
		{59E6079E-1FDC-4238-B029-DAAFADCD95A2}.Release|Any CPU.ActiveCfg = Release|Any CPU
		{59E6079E-1FDC-4238-B029-DAAFADCD95A2}.Release|Any CPU.Build.0 = Release|Any CPU
		{59E6079E-1FDC-4238-B029-DAAFADCD95A2}.Release|x64.ActiveCfg = Release|Any CPU
		{59E6079E-1FDC-4238-B029-DAAFADCD95A2}.Release|x64.Build.0 = Release|Any CPU
		{59E6079E-1FDC-4238-B029-DAAFADCD95A2}.Release|x86.ActiveCfg = Release|Any CPU
		{59E6079E-1FDC-4238-B029-DAAFADCD95A2}.Release|x86.Build.0 = Release|Any CPU
		{DDB4797E-0636-41DC-BCCC-54A6BAC75C05}.Debug|Any CPU.ActiveCfg = Debug|Any CPU
		{DDB4797E-0636-41DC-BCCC-54A6BAC75C05}.Debug|Any CPU.Build.0 = Debug|Any CPU
		{DDB4797E-0636-41DC-BCCC-54A6BAC75C05}.Debug|x64.ActiveCfg = Debug|Any CPU
		{DDB4797E-0636-41DC-BCCC-54A6BAC75C05}.Debug|x64.Build.0 = Debug|Any CPU
		{DDB4797E-0636-41DC-BCCC-54A6BAC75C05}.Debug|x86.ActiveCfg = Debug|Any CPU
		{DDB4797E-0636-41DC-BCCC-54A6BAC75C05}.Debug|x86.Build.0 = Debug|Any CPU
		{DDB4797E-0636-41DC-BCCC-54A6BAC75C05}.Release|Any CPU.ActiveCfg = Release|Any CPU
		{DDB4797E-0636-41DC-BCCC-54A6BAC75C05}.Release|Any CPU.Build.0 = Release|Any CPU
		{DDB4797E-0636-41DC-BCCC-54A6BAC75C05}.Release|x64.ActiveCfg = Release|Any CPU
		{DDB4797E-0636-41DC-BCCC-54A6BAC75C05}.Release|x64.Build.0 = Release|Any CPU
		{DDB4797E-0636-41DC-BCCC-54A6BAC75C05}.Release|x86.ActiveCfg = Release|Any CPU
		{DDB4797E-0636-41DC-BCCC-54A6BAC75C05}.Release|x86.Build.0 = Release|Any CPU
		{93BE0BB6-2862-4760-AE3E-3F2C3159B872}.Debug|Any CPU.ActiveCfg = Debug|Any CPU
		{93BE0BB6-2862-4760-AE3E-3F2C3159B872}.Debug|Any CPU.Build.0 = Debug|Any CPU
		{93BE0BB6-2862-4760-AE3E-3F2C3159B872}.Debug|x64.ActiveCfg = Debug|Any CPU
		{93BE0BB6-2862-4760-AE3E-3F2C3159B872}.Debug|x64.Build.0 = Debug|Any CPU
		{93BE0BB6-2862-4760-AE3E-3F2C3159B872}.Debug|x86.ActiveCfg = Debug|Any CPU
		{93BE0BB6-2862-4760-AE3E-3F2C3159B872}.Debug|x86.Build.0 = Debug|Any CPU
		{93BE0BB6-2862-4760-AE3E-3F2C3159B872}.Release|Any CPU.ActiveCfg = Release|Any CPU
		{93BE0BB6-2862-4760-AE3E-3F2C3159B872}.Release|Any CPU.Build.0 = Release|Any CPU
		{93BE0BB6-2862-4760-AE3E-3F2C3159B872}.Release|x64.ActiveCfg = Release|Any CPU
		{93BE0BB6-2862-4760-AE3E-3F2C3159B872}.Release|x64.Build.0 = Release|Any CPU
		{93BE0BB6-2862-4760-AE3E-3F2C3159B872}.Release|x86.ActiveCfg = Release|Any CPU
		{93BE0BB6-2862-4760-AE3E-3F2C3159B872}.Release|x86.Build.0 = Release|Any CPU
	EndGlobalSection
	GlobalSection(SolutionProperties) = preSolution
		HideSolutionNode = FALSE
	EndGlobalSection
	GlobalSection(NestedProjects) = preSolution
		{76A99B8A-ED35-4BC3-ADEA-8BC8A7B51E69} = {827E0CD3-B72D-47B6-A68D-7590B98EB39B}
		{E5D413A4-498C-4050-85EE-0D035956A704} = {827E0CD3-B72D-47B6-A68D-7590B98EB39B}
		{34521B5B-73B6-47EE-93C2-5F1306BD5151} = {827E0CD3-B72D-47B6-A68D-7590B98EB39B}
		{59E6079E-1FDC-4238-B029-DAAFADCD95A2} = {827E0CD3-B72D-47B6-A68D-7590B98EB39B}
		{DDB4797E-0636-41DC-BCCC-54A6BAC75C05} = {827E0CD3-B72D-47B6-A68D-7590B98EB39B}
		{93BE0BB6-2862-4760-AE3E-3F2C3159B872} = {827E0CD3-B72D-47B6-A68D-7590B98EB39B}
	EndGlobalSection
EndGlobal
